<?xml version="1.0" encoding="UTF-8" standalone="yes" ?>
<CodeBlocks_project_file>
	<FileVersion major="1" minor="6" />
	<Project>
		<Option title="LiverGame" />
		<Option pch_mode="2" />
		<Option compiler="gcc" />
		<Build>
			<Target title="Debug">
				<Option output="bin/Debug/TowerGame" prefix_auto="1" extension_auto="1" />
				<Option object_output="obj/Debug/" />
				<Option type="1" />
				<Option compiler="gcc" />
				<Option projectLinkerOptionsRelation="2" />
				<Compiler>
					<Add option="-std=c++11" />
					<Add option="-g" />
				</Compiler>
				<Linker>
					<Add option="-static-libstdc++" />
					<Add library="allegro-5.0.10-mingw-4.7.0/lib/liballegro-5.0.10-monolith-mt-debug.a" />
				</Linker>
			</Target>
			<Target title="Release">
				<Option output="bin/Release/TowerGame" prefix_auto="1" extension_auto="1" />
				<Option object_output="obj/Release/" />
				<Option type="0" />
				<Option compiler="gcc" />
				<Compiler>
					<Add option="-O2" />
					<Add option="-std=c++11" />
				</Compiler>
				<Linker>
					<Add option="-s" />
					<Add library="allegro-5.0.10-mingw-4.7.0/lib/liballegro-5.0.10-monolith-mt.a" />
				</Linker>
			</Target>
		</Build>
		<Compiler>
			<Add option="-Wall" />
			<Add option="-std=c++11" />
			<Add directory="allegro-5.0.10-mingw-4.7.0/include" />
		</Compiler>
		<Unit filename="Circle.cpp" />
		<Unit filename="Circle.h" />
		<Unit filename="GameWindow.cpp" />
		<Unit filename="GameWindow.h" />
		<Unit filename="Main.cpp" />
		<Unit filename="Object.h" />
		<Unit filename="Slider.cpp" />
		<Unit filename="Slider.h" />
		<Unit filename="button.cpp" />
		<Unit filename="button.h" />
		<Unit filename="computer.cpp" />
		<Unit filename="computer.h" />
		<Unit filename="global.cpp" />
		<Unit filename="global.h" />
		<Unit filename="paper.cpp" />
		<Unit filename="paper.h" />
		<Unit filename="peepee.cpp" />
		<Unit filename="peepee.h" />
		<Unit filename="phone.cpp" />
		<Unit filename="phone.h" />
		<Unit filename="status.cpp" />
		<Unit filename="status.h" />
		<Unit filename="vendor.cpp" />
		<Unit filename="vendor.h" />
		<Extensions>
			<code_completion />
			<envvars />
			<debugger />
			<lib_finder disable_auto="1" />
		</Extensions>
	</Project>
</CodeBlocks_project_file>
